
Microsoft Visual Studio Solution File, Format Version 12.00
# Visual Studio 2013
VisualStudioVersion = 12.0.21005.1
MinimumVisualStudioVersion = 10.0.40219.1
Project("{FAE04EC0-301F-11D3-BF4B-00C04F79EFBC}") = "Sandbox.Web", "Sandbox.Web\Sandbox.Web.csproj", "{36FAC2E4-9BC3-4544-8C3E-A7E50543F04E}"
EndProject
Project("{FAE04EC0-301F-11D3-BF4B-00C04F79EFBC}") = "Sandbox.Common", "Sandbox.Common\Sandbox.Common.csproj", "{3E25EE05-6618-4A62-9CBE-BBE772E3AA41}"
EndProject
Project("{FAE04EC0-301F-11D3-BF4B-00C04F79EFBC}") = "Sandbox.Web.Mvc.Views", "Sandbox.Web.Mvc.Views\Sandbox.Web.Mvc.Views.csproj", "{FEB7B864-EE7D-410E-95C9-886048E7301B}"
EndProject
Global
	GlobalSection(SolutionConfigurationPlatforms) = preSolution
		Debug|Any CPU = Debug|Any CPU
		Release|Any CPU = Release|Any CPU
	EndGlobalSection
	GlobalSection(ProjectConfigurationPlatforms) = postSolution
		{36FAC2E4-9BC3-4544-8C3E-A7E50543F04E}.Debug|Any CPU.ActiveCfg = Debug|Any CPU
		{36FAC2E4-9BC3-4544-8C3E-A7E50543F04E}.Debug|Any CPU.Build.0 = Debug|Any CPU
		{36FAC2E4-9BC3-4544-8C3E-A7E50543F04E}.Release|Any CPU.ActiveCfg = Release|Any CPU
		{36FAC2E4-9BC3-4544-8C3E-A7E50543F04E}.Release|Any CPU.Build.0 = Release|Any CPU
		{3E25EE05-6618-4A62-9CBE-BBE772E3AA41}.Debug|Any CPU.ActiveCfg = Debug|Any CPU
		{3E25EE05-6618-4A62-9CBE-BBE772E3AA41}.Debug|Any CPU.Build.0 = Debug|Any CPU
		{3E25EE05-6618-4A62-9CBE-BBE772E3AA41}.Release|Any CPU.ActiveCfg = Release|Any CPU
		{3E25EE05-6618-4A62-9CBE-BBE772E3AA41}.Release|Any CPU.Build.0 = Release|Any CPU
		{FEB7B864-EE7D-410E-95C9-886048E7301B}.Debug|Any CPU.ActiveCfg = Debug|Any CPU
		{FEB7B864-EE7D-410E-95C9-886048E7301B}.Debug|Any CPU.Build.0 = Debug|Any CPU
		{FEB7B864-EE7D-410E-95C9-886048E7301B}.Release|Any CPU.ActiveCfg = Release|Any CPU
		{FEB7B864-EE7D-410E-95C9-886048E7301B}.Release|Any CPU.Build.0 = Release|Any CPU
	EndGlobalSection
	GlobalSection(SolutionProperties) = preSolution
		HideSolutionNode = FALSE
	EndGlobalSection
EndGlobal
